hash: 41327d2dd62189a67e17eae18c1553fb0d8d39a191e2a07d4895be29d44a2536
updated: 2017-04-24T08:34:02.218311504-04:00
imports:
- name: github.com/coreos/go-systemd
  version: 1f9909e51b2dab2487c26d64c8f2e7e580e4c9f5
  subpackages:
  - activation
- name: github.com/docker/go-connections
  version: e15c02316c12de00874640cd76311849de2aeed5
  subpackages:
  - sockets
- name: github.com/docker/go-plugins-helpers
  version: 8af45ff6ad5b7608853de51133c33e6638b02134
  subpackages:
  - ipam
  - sdk
- name: github.com/Microsoft/go-winio
  version: fff283ad5116362ca252298cfc9b95828956d85d
- name: github.com/Sirupsen/logrus
  version: 4b6ea7319e214d98c938f12692336f7ca9348d6b
- name: github.com/TrilliumIT/iputil
  version: bd8d0991afc7eb3bc365a8799ba5e5573ecff2ec
- name: github.com/urfave/cli
  version: 0bdeddeeb0f650497d603c4ad7b20cfe685682f6
- name: github.com/vishvananda/netlink
  version: b71e0bb214aebd980216cb2516e8bd7bca9e9672
  subpackages:
  - nl
- name: github.com/vishvananda/netns
  version: 54f0e4339ce73702a0607f49922aaa1e749b418d
- name: golang.org/x/net
  version: 4876518f9e71663000c348837735820161a42df7
  subpackages:
  - proxy
- name: golang.org/x/sys
  version: a646d33e2ee3172a661fc09bca23bb4889a41bc8
  subpackages:
  - unix
  - windows
testImports: []
