hash: bc7d79b96ffc383c4aa87c984917e0a058c7447f3bc28e2194ff7f6c5952621f
updated: 2016-06-24T09:27:51.881247839-04:00
imports:
- name: github.com/coreos/go-systemd
  version: b32b8467dbea18858bfebf65c1a6a761090f2c31
  subpackages:
  - activation
  - util
- name: github.com/coreos/pkg
  version: a48e304ff9331be6d5df352b6b47bd1395ab5dd7
  subpackages:
  - dlopen
- name: github.com/docker/go-connections
  version: 990a1a1a70b0da4c4cb70e117971a4f0babfbf1a
  subpackages:
  - sockets
- name: github.com/docker/go-plugins-helpers
  version: b6b774486d89219eba2d2b72ed50d32880167671
  subpackages:
  - ipam
  - sdk
- name: github.com/Microsoft/go-winio
  version: ce2922f643c8fd76b46cadc7f404a06282678b34
- name: github.com/opencontainers/runc
  version: 9b3a2f16345aa015ca286835f6f5eb67ea60aa4b
  subpackages:
  - libcontainer/user
- name: github.com/Sirupsen/logrus
  version: f3cfb454f4c209e6668c95216c4744b8fddb2356
- name: github.com/TrilliumIT/iputil
  version: 63d127b88d3a155cea8b3d96028804235c9352fa
- name: github.com/urfave/cli
  version: 4205e9c4ee9672a8df5bb4fe486a8aa07e1e4037
- name: github.com/vishvananda/netlink
  version: 734d02c3e202f682c74b71314b2c61eec0170fd4
  subpackages:
  - nl
- name: github.com/vishvananda/netns
  version: 8ba1072b58e0c2a240eb5f6120165c7776c3e7b8
- name: golang.org/x/net
  version: bc3663df0ac92f928d419e31e0d2af22e683a5a2
  subpackages:
  - proxy
- name: golang.org/x/sys
  version: 62bee037599929a6e9146f29d10dd5208c43507d
  subpackages:
  - unix
  - windows
devImports: []
